
Microsoft Visual Studio Solution File, Format Version 12.00
# Visual Studio Version 16
VisualStudioVersion = 16.0.31205.134
MinimumVisualStudioVersion = 10.0.40219.1
Project("{9A19103F-16F7-4668-BE54-9A1E7A4F7556}") = "SeriesCalculator", "SeriesCalculator\SeriesCalculator.csproj", "{41FEC348-8BDA-4212-A3F9-2860CBF05B7A}"
EndProject
Project("{9A19103F-16F7-4668-BE54-9A1E7A4F7556}") = "MoviePorfit", "MoviePorfit\MoviePorfit.csproj", "{2745B784-2CA4-4CCD-9869-314B31FD5C4E}"
EndProject
Project("{9A19103F-16F7-4668-BE54-9A1E7A4F7556}") = "Lunch", "Lunch\Lunch.csproj", "{D25B6644-A72C-4020-875A-2A52A7435BC9}"
EndProject
Project("{9A19103F-16F7-4668-BE54-9A1E7A4F7556}") = "MovieDay", "MovieDay\MovieDay.csproj", "{51009429-2322-4F6B-BE05-985BAD749C54}"
EndProject
Project("{9A19103F-16F7-4668-BE54-9A1E7A4F7556}") = "FilmPremiere", "FilmPremiere\FilmPremiere.csproj", "{A4651431-FC5E-4EDF-999B-DA6002351955}"
EndProject
Project("{9A19103F-16F7-4668-BE54-9A1E7A4F7556}") = "MovieDestination", "MovieDestination\MovieDestination.csproj", "{7F9CC8CD-B8CE-447D-879A-2E531589A1D2}"
EndProject
Project("{9A19103F-16F7-4668-BE54-9A1E7A4F7556}") = "Cinema", "Cinema\Cinema.csproj", "{32D7616E-5D8E-4198-A39A-B74F01A15C01}"
EndProject
Project("{9A19103F-16F7-4668-BE54-9A1E7A4F7556}") = "FavouriteMovie", "FavouriteMovie\FavouriteMovie.csproj", "{02CC3136-2C38-4BBA-A697-5D8A68E53EB7}"
EndProject
Project("{2150E333-8FDC-42A3-9474-1A3956D46DE8}") = "Ex1", "Ex1", "{052512B7-38ED-434A-9FE2-F3C4DD1EE84D}"
EndProject
Project("{2150E333-8FDC-42A3-9474-1A3956D46DE8}") = "Ex2", "Ex2", "{4C9FC3E7-E93C-412B-8110-465D46FC98F6}"
EndProject
Project("{2150E333-8FDC-42A3-9474-1A3956D46DE8}") = "Ex3", "Ex3", "{EFB85C24-A5E8-488E-AC3D-DBFF84245217}"
EndProject
Project("{2150E333-8FDC-42A3-9474-1A3956D46DE8}") = "Ex4", "Ex4", "{C77C3514-F5AC-434C-95B4-C96BF3F3F71B}"
EndProject
Project("{2150E333-8FDC-42A3-9474-1A3956D46DE8}") = "Ex5", "Ex5", "{627B1086-582A-4A12-8FA4-E0404B30FB96}"
EndProject
Project("{2150E333-8FDC-42A3-9474-1A3956D46DE8}") = "Ex6", "Ex6", "{B48DDFE7-BFAA-4F4B-BBF1-411EB2EDAEBA}"
EndProject
Project("{9A19103F-16F7-4668-BE54-9A1E7A4F7556}") = "Oscar", "Oscar\Oscar.csproj", "{E2D26A2B-78C7-47E8-961B-28F83DB4B1A1}"
EndProject
Project("{FAE04EC0-301F-11D3-BF4B-00C04F79EFBC}") = "ConsoleApp1", "ConsoleApp1\ConsoleApp1.csproj", "{85444223-AD32-49AF-9F3A-2CDDD43B815D}"
EndProject
Global
	GlobalSection(SolutionConfigurationPlatforms) = preSolution
		Debug|Any CPU = Debug|Any CPU
		Release|Any CPU = Release|Any CPU
	EndGlobalSection
	GlobalSection(ProjectConfigurationPlatforms) = postSolution
		{41FEC348-8BDA-4212-A3F9-2860CBF05B7A}.Debug|Any CPU.ActiveCfg = Debug|Any CPU
		{41FEC348-8BDA-4212-A3F9-2860CBF05B7A}.Debug|Any CPU.Build.0 = Debug|Any CPU
		{41FEC348-8BDA-4212-A3F9-2860CBF05B7A}.Release|Any CPU.ActiveCfg = Release|Any CPU
		{41FEC348-8BDA-4212-A3F9-2860CBF05B7A}.Release|Any CPU.Build.0 = Release|Any CPU
		{2745B784-2CA4-4CCD-9869-314B31FD5C4E}.Debug|Any CPU.ActiveCfg = Debug|Any CPU
		{2745B784-2CA4-4CCD-9869-314B31FD5C4E}.Debug|Any CPU.Build.0 = Debug|Any CPU
		{2745B784-2CA4-4CCD-9869-314B31FD5C4E}.Release|Any CPU.ActiveCfg = Release|Any CPU
		{2745B784-2CA4-4CCD-9869-314B31FD5C4E}.Release|Any CPU.Build.0 = Release|Any CPU
		{D25B6644-A72C-4020-875A-2A52A7435BC9}.Debug|Any CPU.ActiveCfg = Debug|Any CPU
		{D25B6644-A72C-4020-875A-2A52A7435BC9}.Debug|Any CPU.Build.0 = Debug|Any CPU
		{D25B6644-A72C-4020-875A-2A52A7435BC9}.Release|Any CPU.ActiveCfg = Release|Any CPU
		{D25B6644-A72C-4020-875A-2A52A7435BC9}.Release|Any CPU.Build.0 = Release|Any CPU
		{51009429-2322-4F6B-BE05-985BAD749C54}.Debug|Any CPU.ActiveCfg = Debug|Any CPU
		{51009429-2322-4F6B-BE05-985BAD749C54}.Debug|Any CPU.Build.0 = Debug|Any CPU
		{51009429-2322-4F6B-BE05-985BAD749C54}.Release|Any CPU.ActiveCfg = Release|Any CPU
		{51009429-2322-4F6B-BE05-985BAD749C54}.Release|Any CPU.Build.0 = Release|Any CPU
		{A4651431-FC5E-4EDF-999B-DA6002351955}.Debug|Any CPU.ActiveCfg = Debug|Any CPU
		{A4651431-FC5E-4EDF-999B-DA6002351955}.Debug|Any CPU.Build.0 = Debug|Any CPU
		{A4651431-FC5E-4EDF-999B-DA6002351955}.Release|Any CPU.ActiveCfg = Release|Any CPU
		{A4651431-FC5E-4EDF-999B-DA6002351955}.Release|Any CPU.Build.0 = Release|Any CPU
		{7F9CC8CD-B8CE-447D-879A-2E531589A1D2}.Debug|Any CPU.ActiveCfg = Debug|Any CPU
		{7F9CC8CD-B8CE-447D-879A-2E531589A1D2}.Debug|Any CPU.Build.0 = Debug|Any CPU
		{7F9CC8CD-B8CE-447D-879A-2E531589A1D2}.Release|Any CPU.ActiveCfg = Release|Any CPU
		{7F9CC8CD-B8CE-447D-879A-2E531589A1D2}.Release|Any CPU.Build.0 = Release|Any CPU
		{32D7616E-5D8E-4198-A39A-B74F01A15C01}.Debug|Any CPU.ActiveCfg = Debug|Any CPU
		{32D7616E-5D8E-4198-A39A-B74F01A15C01}.Debug|Any CPU.Build.0 = Debug|Any CPU
		{32D7616E-5D8E-4198-A39A-B74F01A15C01}.Release|Any CPU.ActiveCfg = Release|Any CPU
		{32D7616E-5D8E-4198-A39A-B74F01A15C01}.Release|Any CPU.Build.0 = Release|Any CPU
		{02CC3136-2C38-4BBA-A697-5D8A68E53EB7}.Debug|Any CPU.ActiveCfg = Debug|Any CPU
		{02CC3136-2C38-4BBA-A697-5D8A68E53EB7}.Debug|Any CPU.Build.0 = Debug|Any CPU
		{02CC3136-2C38-4BBA-A697-5D8A68E53EB7}.Release|Any CPU.ActiveCfg = Release|Any CPU
		{02CC3136-2C38-4BBA-A697-5D8A68E53EB7}.Release|Any CPU.Build.0 = Release|Any CPU
		{E2D26A2B-78C7-47E8-961B-28F83DB4B1A1}.Debug|Any CPU.ActiveCfg = Debug|Any CPU
		{E2D26A2B-78C7-47E8-961B-28F83DB4B1A1}.Debug|Any CPU.Build.0 = Debug|Any CPU
		{E2D26A2B-78C7-47E8-961B-28F83DB4B1A1}.Release|Any CPU.ActiveCfg = Release|Any CPU
		{E2D26A2B-78C7-47E8-961B-28F83DB4B1A1}.Release|Any CPU.Build.0 = Release|Any CPU
		{85444223-AD32-49AF-9F3A-2CDDD43B815D}.Debug|Any CPU.ActiveCfg = Debug|Any CPU
		{85444223-AD32-49AF-9F3A-2CDDD43B815D}.Debug|Any CPU.Build.0 = Debug|Any CPU
		{85444223-AD32-49AF-9F3A-2CDDD43B815D}.Release|Any CPU.ActiveCfg = Release|Any CPU
		{85444223-AD32-49AF-9F3A-2CDDD43B815D}.Release|Any CPU.Build.0 = Release|Any CPU
	EndGlobalSection
	GlobalSection(SolutionProperties) = preSolution
		HideSolutionNode = FALSE
	EndGlobalSection
	GlobalSection(NestedProjects) = preSolution
		{41FEC348-8BDA-4212-A3F9-2860CBF05B7A} = {052512B7-38ED-434A-9FE2-F3C4DD1EE84D}
		{2745B784-2CA4-4CCD-9869-314B31FD5C4E} = {052512B7-38ED-434A-9FE2-F3C4DD1EE84D}
		{D25B6644-A72C-4020-875A-2A52A7435BC9} = {4C9FC3E7-E93C-412B-8110-465D46FC98F6}
		{51009429-2322-4F6B-BE05-985BAD749C54} = {4C9FC3E7-E93C-412B-8110-465D46FC98F6}
		{A4651431-FC5E-4EDF-999B-DA6002351955} = {EFB85C24-A5E8-488E-AC3D-DBFF84245217}
		{7F9CC8CD-B8CE-447D-879A-2E531589A1D2} = {EFB85C24-A5E8-488E-AC3D-DBFF84245217}
		{32D7616E-5D8E-4198-A39A-B74F01A15C01} = {C77C3514-F5AC-434C-95B4-C96BF3F3F71B}
		{02CC3136-2C38-4BBA-A697-5D8A68E53EB7} = {B48DDFE7-BFAA-4F4B-BBF1-411EB2EDAEBA}
		{E2D26A2B-78C7-47E8-961B-28F83DB4B1A1} = {627B1086-582A-4A12-8FA4-E0404B30FB96}
	EndGlobalSection
	GlobalSection(ExtensibilityGlobals) = postSolution
		SolutionGuid = {95F6A7A0-28A5-46BD-B1DF-D58351A3770B}
	EndGlobalSection
EndGlobal
